
Microsoft Visual Studio Solution File, Format Version 12.00
# Visual Studio Version 16
VisualStudioVersion = 16.0.31112.23
MinimumVisualStudioVersion = 10.0.40219.1
Project("{888888A0-9F3D-457C-B088-3A5042F75D52}") = "TugasResponsiModul4_Kel40", "TugasResponsiModul4_Kel40\TugasResponsiModul4_Kel40.pyproj", "{CF413A7D-9A4C-4C0E-AE1C-A2451AC96EB7}"
EndProject
Global
	GlobalSection(SolutionConfigurationPlatforms) = preSolution
		Debug|Any CPU = Debug|Any CPU
		Release|Any CPU = Release|Any CPU
	EndGlobalSection
	GlobalSection(ProjectConfigurationPlatforms) = postSolution
		{CF413A7D-9A4C-4C0E-AE1C-A2451AC96EB7}.Debug|Any CPU.ActiveCfg = Debug|Any CPU
		{CF413A7D-9A4C-4C0E-AE1C-A2451AC96EB7}.Release|Any CPU.ActiveCfg = Release|Any CPU
	EndGlobalSection
	GlobalSection(SolutionProperties) = preSolution
		HideSolutionNode = FALSE
	EndGlobalSection
	GlobalSection(ExtensibilityGlobals) = postSolution
		SolutionGuid = {18948DB7-500F-405F-8ED8-CA131AD0D832}
	EndGlobalSection
EndGlobal
